
Microsoft Visual Studio Solution File, Format Version 12.00
# Visual Studio Version 17
VisualStudioVersion = 17.0.31912.275
MinimumVisualStudioVersion = 10.0.40219.1
Project("{9A19103F-16F7-4668-BE54-9A1E7A4F7556}") = "Meditrash4+Midpoint", "Meditrash4+Midpoint\Meditrash4+Midpoint.csproj", "{05A55CE5-F335-4995-BD97-6837D04BB193}"
EndProject
Project("{FAE04EC0-301F-11D3-BF4B-00C04F79EFBC}") = "Meditrash4_Midpoint.tests", "Meditrash4_Midpoint.tests\Meditrash4_Midpoint.tests.csproj", "{08746E3E-C36B-47C5-992E-9CC3A377ED30}"
EndProject
Global
	GlobalSection(SolutionConfigurationPlatforms) = preSolution
		Debug|Any CPU = Debug|Any CPU
		Release|Any CPU = Release|Any CPU
	EndGlobalSection
	GlobalSection(ProjectConfigurationPlatforms) = postSolution
		{05A55CE5-F335-4995-BD97-6837D04BB193}.Debug|Any CPU.ActiveCfg = Debug|Any CPU
		{05A55CE5-F335-4995-BD97-6837D04BB193}.Debug|Any CPU.Build.0 = Debug|Any CPU
		{05A55CE5-F335-4995-BD97-6837D04BB193}.Release|Any CPU.ActiveCfg = Release|Any CPU
		{05A55CE5-F335-4995-BD97-6837D04BB193}.Release|Any CPU.Build.0 = Release|Any CPU
		{08746E3E-C36B-47C5-992E-9CC3A377ED30}.Debug|Any CPU.ActiveCfg = Debug|Any CPU
		{08746E3E-C36B-47C5-992E-9CC3A377ED30}.Debug|Any CPU.Build.0 = Debug|Any CPU
		{08746E3E-C36B-47C5-992E-9CC3A377ED30}.Release|Any CPU.ActiveCfg = Release|Any CPU
		{08746E3E-C36B-47C5-992E-9CC3A377ED30}.Release|Any CPU.Build.0 = Release|Any CPU
	EndGlobalSection
	GlobalSection(SolutionProperties) = preSolution
		HideSolutionNode = FALSE
	EndGlobalSection
	GlobalSection(ExtensibilityGlobals) = postSolution
		SolutionGuid = {4B4FE0D6-6F6E-4993-A52D-B74E4D01869E}
	EndGlobalSection
EndGlobal
